{
  "name": "mpanel",
  "version": "1.0.0",
  "lockfileVersion": 1,
  "requires": true,
  "dependencies": {
    "@antfu/utils": {
      "version": "0.7.2"
    },
    "@babel/parser": {
      "version": "7.20.15"
    },
    "@css-render/plugin-bem": {
      "version": "0.15.12",
      "dev": true,
      "requires": {}
    },
    "@css-render/vue3-ssr": {
      "version": "0.15.12",
      "dev": true,
      "requires": {}
    },
    "@emotion/hash": {
      "version": "0.8.0",
      "dev": true
    },
    "@esbuild/android-arm": {
      "version": "0.16.17",
      "resolved": "https://registry.npmmirror.com/@esbuild/android-arm/-/android-arm-0.16.17.tgz",
      "integrity": "sha512-N9x1CMXVhtWEAMS7pNNONyA14f71VPQN9Cnavj1XQh6T7bskqiLLrSca4O0Vr8Wdcga943eThxnVp3JLnBMYtw==",
      "dev": true,
      "optional": true
    },
    "@esbuild/android-x64": {
      "version": "0.16.17",
      "resolved": "https://registry.npmmirror.com/@esbuild/android-x64/-/android-x64-0.16.17.tgz",
      "integrity": "sha512-a3kTv3m0Ghh4z1DaFEuEDfz3OLONKuFvI4Xqczqx4BqLyuFaFkuaG4j2MtA6fuWEFeC5x9IvqnX7drmRq/fyAQ==",
      "dev": true,
      "optional": true
    },
    "@esbuild/darwin-arm64": {
      "version": "0.16.17",
      "resolved": "https://registry.npmmirror.com/@esbuild/darwin-arm64/-/darwin-arm64-0.16.17.tgz",
      "integrity": "sha512-/2agbUEfmxWHi9ARTX6OQ/KgXnOWfsNlTeLcoV7HSuSTv63E4DqtAc+2XqGw1KHxKMHGZgbVCZge7HXWX9Vn+w==",
      "dev": true,
      "optional": true
    },
    "@esbuild/darwin-x64": {
      "version": "0.16.17",
      "resolved": "https://registry.npmmirror.com/@esbuild/darwin-x64/-/darwin-x64-0.16.17.tgz",
      "integrity": "sha512-2By45OBHulkd9Svy5IOCZt376Aa2oOkiE9QWUK9fe6Tb+WDr8hXL3dpqi+DeLiMed8tVXspzsTAvd0jUl96wmg==",
      "dev": true,
      "optional": true
    },
    "@esbuild/freebsd-arm64": {
      "version": "0.16.17",
      "resolved": "https://registry.npmmirror.com/@esbuild/freebsd-arm64/-/freebsd-arm64-0.16.17.tgz",
      "integrity": "sha512-mt+cxZe1tVx489VTb4mBAOo2aKSnJ33L9fr25JXpqQqzbUIw/yzIzi+NHwAXK2qYV1lEFp4OoVeThGjUbmWmdw==",
      "dev": true,
      "optional": true
    },
    "@esbuild/freebsd-x64": {
      "version": "0.16.17",
      "resolved": "https://registry.npmmirror.com/@esbuild/freebsd-x64/-/freebsd-x64-0.16.17.tgz",
      "integrity": "sha512-8ScTdNJl5idAKjH8zGAsN7RuWcyHG3BAvMNpKOBaqqR7EbUhhVHOqXRdL7oZvz8WNHL2pr5+eIT5c65kA6NHug==",
      "dev": true,
      "optional": true
    },
    "@esbuild/linux-arm": {
      "version": "0.16.17",
      "resolved": "https://registry.npmmirror.com/@esbuild/linux-arm/-/linux-arm-0.16.17.tgz",
      "integrity": "sha512-iihzrWbD4gIT7j3caMzKb/RsFFHCwqqbrbH9SqUSRrdXkXaygSZCZg1FybsZz57Ju7N/SHEgPyaR0LZ8Zbe9gQ==",
      "dev": true,
      "optional": true
    },
    "@esbuild/linux-arm64": {
      "version": "0.16.17",
      "resolved": "https://registry.npmmirror.com/@esbuild/linux-arm64/-/linux-arm64-0.16.17.tgz",
      "integrity": "sha512-7S8gJnSlqKGVJunnMCrXHU9Q8Q/tQIxk/xL8BqAP64wchPCTzuM6W3Ra8cIa1HIflAvDnNOt2jaL17vaW+1V0g==",
      "dev": true,
      "optional": true
    },
    "@esbuild/linux-ia32": {
      "version": "0.16.17",
      "resolved": "https://registry.npmmirror.com/@esbuild/linux-ia32/-/linux-ia32-0.16.17.tgz",
      "integrity": "sha512-kiX69+wcPAdgl3Lonh1VI7MBr16nktEvOfViszBSxygRQqSpzv7BffMKRPMFwzeJGPxcio0pdD3kYQGpqQ2SSg==",
      "dev": true,
      "optional": true
    },
    "@esbuild/linux-loong64": {
      "version": "0.16.17",
      "resolved": "https://registry.npmmirror.com/@esbuild/linux-loong64/-/linux-loong64-0.16.17.tgz",
      "integrity": "sha512-dTzNnQwembNDhd654cA4QhbS9uDdXC3TKqMJjgOWsC0yNCbpzfWoXdZvp0mY7HU6nzk5E0zpRGGx3qoQg8T2DQ==",
      "dev": true,
      "optional": true
    },
    "@esbuild/linux-mips64el": {
      "version": "0.16.17",
      "resolved": "https://registry.npmmirror.com/@esbuild/linux-mips64el/-/linux-mips64el-0.16.17.tgz",
      "integrity": "sha512-ezbDkp2nDl0PfIUn0CsQ30kxfcLTlcx4Foz2kYv8qdC6ia2oX5Q3E/8m6lq84Dj/6b0FrkgD582fJMIfHhJfSw==",
      "dev": true,
      "optional": true
    },
    "@esbuild/linux-ppc64": {
      "version": "0.16.17",
      "resolved": "https://registry.npmmirror.com/@esbuild/linux-ppc64/-/linux-ppc64-0.16.17.tgz",
      "integrity": "sha512-dzS678gYD1lJsW73zrFhDApLVdM3cUF2MvAa1D8K8KtcSKdLBPP4zZSLy6LFZ0jYqQdQ29bjAHJDgz0rVbLB3g==",
      "dev": true,
      "optional": true
    },
    "@esbuild/linux-riscv64": {
      "version": "0.16.17",
      "resolved": "https://registry.npmmirror.com/@esbuild/linux-riscv64/-/linux-riscv64-0.16.17.tgz",
      "integrity": "sha512-ylNlVsxuFjZK8DQtNUwiMskh6nT0vI7kYl/4fZgV1llP5d6+HIeL/vmmm3jpuoo8+NuXjQVZxmKuhDApK0/cKw==",
      "dev": true,
      "optional": true
    },
    "@esbuild/linux-s390x": {
      "version": "0.16.17",
      "resolved": "https://registry.npmmirror.com/@esbuild/linux-s390x/-/linux-s390x-0.16.17.tgz",
      "integrity": "sha512-gzy7nUTO4UA4oZ2wAMXPNBGTzZFP7mss3aKR2hH+/4UUkCOyqmjXiKpzGrY2TlEUhbbejzXVKKGazYcQTZWA/w==",
      "dev": true,
      "optional": true
    },
    "@esbuild/linux-x64": {
      "version": "0.16.17",
      "resolved": "https://registry.npmmirror.com/@esbuild/linux-x64/-/linux-x64-0.16.17.tgz",
      "integrity": "sha512-mdPjPxfnmoqhgpiEArqi4egmBAMYvaObgn4poorpUaqmvzzbvqbowRllQ+ZgzGVMGKaPkqUmPDOOFQRUFDmeUw==",
      "dev": true,
      "optional": true
    },
    "@esbuild/netbsd-x64": {
      "version": "0.16.17",
      "resolved": "https://registry.npmmirror.com/@esbuild/netbsd-x64/-/netbsd-x64-0.16.17.tgz",
      "integrity": "sha512-/PzmzD/zyAeTUsduZa32bn0ORug+Jd1EGGAUJvqfeixoEISYpGnAezN6lnJoskauoai0Jrs+XSyvDhppCPoKOA==",
      "dev": true,
      "optional": true
    },
    "@esbuild/openbsd-x64": {
      "version": "0.16.17",
      "resolved": "https://registry.npmmirror.com/@esbuild/openbsd-x64/-/openbsd-x64-0.16.17.tgz",
      "integrity": "sha512-2yaWJhvxGEz2RiftSk0UObqJa/b+rIAjnODJgv2GbGGpRwAfpgzyrg1WLK8rqA24mfZa9GvpjLcBBg8JHkoodg==",
      "dev": true,
      "optional": true
    },
    "@esbuild/sunos-x64": {
      "version": "0.16.17",
      "resolved": "https://registry.npmmirror.com/@esbuild/sunos-x64/-/sunos-x64-0.16.17.tgz",
      "integrity": "sha512-xtVUiev38tN0R3g8VhRfN7Zl42YCJvyBhRKw1RJjwE1d2emWTVToPLNEQj/5Qxc6lVFATDiy6LjVHYhIPrLxzw==",
      "dev": true,
      "optional": true
    },
    "@esbuild/win32-arm64": {
      "version": "0.16.17",
      "resolved": "https://registry.npmmirror.com/@esbuild/win32-arm64/-/win32-arm64-0.16.17.tgz",
      "integrity": "sha512-ga8+JqBDHY4b6fQAmOgtJJue36scANy4l/rL97W+0wYmijhxKetzZdKOJI7olaBaMhWt8Pac2McJdZLxXWUEQw==",
      "dev": true,
      "optional": true
    },
    "@esbuild/win32-ia32": {
      "version": "0.16.17",
      "resolved": "https://registry.npmmirror.com/@esbuild/win32-ia32/-/win32-ia32-0.16.17.tgz",
      "integrity": "sha512-WnsKaf46uSSF/sZhwnqE4L/F89AYNMiD4YtEcYekBt9Q7nj0DiId2XH2Ng2PHM54qi5oPrQ8luuzGszqi/veig==",
      "dev": true,
      "optional": true
    },
    "@esbuild/win32-x64": {
      "version": "0.16.17",
      "dev": true,
      "optional": true
    },
    "@eslint/eslintrc": {
      "version": "1.4.1",
      "dev": true,
      "requires": {
        "ajv": "^6.12.4",
        "debug": "^4.3.2",
        "espree": "^9.4.0",
        "globals": "^13.19.0",
        "ignore": "^5.2.0",
        "import-fresh": "^3.2.1",
        "js-yaml": "^4.1.0",
        "minimatch": "^3.1.2",
        "strip-json-comments": "^3.1.1"
      }
    },
    "@humanwhocodes/config-array": {
      "version": "0.11.8",
      "dev": true,
      "requires": {
        "@humanwhocodes/object-schema": "^1.2.1",
        "debug": "^4.1.1",
        "minimatch": "^3.0.5"
      }
    },
    "@humanwhocodes/module-importer": {
      "version": "1.0.1",
      "dev": true
    },
    "@humanwhocodes/object-schema": {
      "version": "1.2.1",
      "dev": true
    },
    "@jridgewell/sourcemap-codec": {
      "version": "1.4.14"
    },
    "@juggle/resize-observer": {
      "version": "3.4.0",
      "dev": true
    },
    "@nodelib/fs.scandir": {
      "version": "2.1.5",
      "requires": {
        "@nodelib/fs.stat": "2.0.5",
        "run-parallel": "^1.1.9"
      }
    },
    "@nodelib/fs.stat": {
      "version": "2.0.5"
    },
    "@nodelib/fs.walk": {
      "version": "1.2.8",
      "requires": {
        "@nodelib/fs.scandir": "2.1.5",
        "fastq": "^1.6.0"
      }
    },
    "@rollup/pluginutils": {
      "version": "5.0.2",
      "requires": {
        "@types/estree": "^1.0.0",
        "estree-walker": "^2.0.2",
        "picomatch": "^2.3.1"
      }
    },
    "@types/estree": {
      "version": "1.0.0"
    },
    "@types/katex": {
      "version": "0.14.0",
      "dev": true
    },
    "@types/lodash": {
      "version": "4.14.191",
      "dev": true
    },
    "@types/lodash-es": {
      "version": "4.17.6",
      "dev": true,
      "requires": {
        "@types/lodash": "*"
      }
    },
    "@vicons/antd": {
      "version": "0.12.0",
      "dev": true
    },
    "@vicons/carbon": {
      "version": "0.12.0",
      "dev": true
    },
    "@vicons/fa": {
      "version": "0.12.0",
      "dev": true
    },
    "@vicons/fluent": {
      "version": "0.12.0",
      "dev": true
    },
    "@vicons/ionicons4": {
      "version": "0.12.0",
      "dev": true
    },
    "@vicons/ionicons5": {
      "version": "0.12.0",
      "dev": true
    },
    "@vicons/material": {
      "version": "0.12.0",
      "dev": true
    },
    "@vicons/tabler": {
      "version": "0.12.0",
      "dev": true
    },
    "@vitejs/plugin-vue": {
      "version": "4.0.0",
      "dev": true,
      "requires": {}
    },
    "@vue/compiler-core": {
      "version": "3.2.47",
      "requires": {
        "@babel/parser": "^7.16.4",
        "@vue/shared": "3.2.47",
        "estree-walker": "^2.0.2",
        "source-map": "^0.6.1"
      }
    },
    "@vue/compiler-dom": {
      "version": "3.2.47",
      "requires": {
        "@vue/compiler-core": "3.2.47",
        "@vue/shared": "3.2.47"
      }
    },
    "@vue/compiler-sfc": {
      "version": "3.2.47",
      "requires": {
        "@babel/parser": "^7.16.4",
        "@vue/compiler-core": "3.2.47",
        "@vue/compiler-dom": "3.2.47",
        "@vue/compiler-ssr": "3.2.47",
        "@vue/reactivity-transform": "3.2.47",
        "@vue/shared": "3.2.47",
        "estree-walker": "^2.0.2",
        "magic-string": "^0.25.7",
        "postcss": "^8.1.10",
        "source-map": "^0.6.1"
      },
      "dependencies": {
        "magic-string": {
          "version": "0.25.9",
          "requires": {
            "sourcemap-codec": "^1.4.8"
          }
        }
      }
    },
    "@vue/compiler-ssr": {
      "version": "3.2.47",
      "requires": {
        "@vue/compiler-dom": "3.2.47",
        "@vue/shared": "3.2.47"
      }
    },
    "@vue/devtools-api": {
      "version": "6.5.0"
    },
    "@vue/reactivity": {
      "version": "3.2.47",
      "requires": {
        "@vue/shared": "3.2.47"
      }
    },
    "@vue/reactivity-transform": {
      "version": "3.2.47",
      "requires": {
        "@babel/parser": "^7.16.4",
        "@vue/compiler-core": "3.2.47",
        "@vue/shared": "3.2.47",
        "estree-walker": "^2.0.2",
        "magic-string": "^0.25.7"
      },
      "dependencies": {
        "magic-string": {
          "version": "0.25.9",
          "requires": {
            "sourcemap-codec": "^1.4.8"
          }
        }
      }
    },
    "@vue/runtime-core": {
      "version": "3.2.47",
      "requires": {
        "@vue/reactivity": "3.2.47",
        "@vue/shared": "3.2.47"
      }
    },
    "@vue/runtime-dom": {
      "version": "3.2.47",
      "requires": {
        "@vue/runtime-core": "3.2.47",
        "@vue/shared": "3.2.47",
        "csstype": "^2.6.8"
      },
      "dependencies": {
        "csstype": {
          "version": "2.6.21"
        }
      }
    },
    "@vue/server-renderer": {
      "version": "3.2.47",
      "requires": {
        "@vue/compiler-ssr": "3.2.47",
        "@vue/shared": "3.2.47"
      }
    },
    "@vue/shared": {
      "version": "3.2.47"
    },
    "acorn": {
      "version": "8.8.2"
    },
    "acorn-jsx": {
      "version": "5.3.2",
      "dev": true,
      "requires": {}
    },
    "ajv": {
      "version": "6.12.6",
      "dev": true,
      "requires": {
        "fast-deep-equal": "^3.1.1",
        "fast-json-stable-stringify": "^2.0.0",
        "json-schema-traverse": "^0.4.1",
        "uri-js": "^4.2.2"
      }
    },
    "ansi-regex": {
      "version": "5.0.1",
      "dev": true
    },
    "ansi-styles": {
      "version": "4.3.0",
      "dev": true,
      "requires": {
        "color-convert": "^2.0.1"
      }
    },
    "anymatch": {
      "version": "3.1.3",
      "requires": {
        "normalize-path": "^3.0.0",
        "picomatch": "^2.0.4"
      }
    },
    "argparse": {
      "version": "2.0.1",
      "dev": true
    },
    "async-validator": {
      "version": "4.2.5",
      "dev": true
    },
    "asynckit": {
      "version": "0.4.0"
    },
    "axios": {
      "version": "1.3.3",
      "requires": {
        "follow-redirects": "^1.15.0",
        "form-data": "^4.0.0",
        "proxy-from-env": "^1.1.0"
      }
    },
    "balanced-match": {
      "version": "1.0.2",
      "dev": true
    },
    "binary-extensions": {
      "version": "2.2.0"
    },
    "boolbase": {
      "version": "1.0.0",
      "dev": true
    },
    "brace-expansion": {
      "version": "1.1.11",
      "dev": true,
      "requires": {
        "balanced-match": "^1.0.0",
        "concat-map": "0.0.1"
      }
    },
    "braces": {
      "version": "3.0.2",
      "requires": {
        "fill-range": "^7.0.1"
      }
    },
    "callsites": {
      "version": "3.1.0",
      "dev": true
    },
    "chalk": {
      "version": "4.1.2",
      "dev": true,
      "requires": {
        "ansi-styles": "^4.1.0",
        "supports-color": "^7.1.0"
      }
    },
    "chokidar": {
      "version": "3.5.3",
      "requires": {
        "anymatch": "~3.1.2",
        "braces": "~3.0.2",
        "fsevents": "~2.3.2",
        "glob-parent": "~5.1.2",
        "is-binary-path": "~2.1.0",
        "is-glob": "~4.0.1",
        "normalize-path": "~3.0.0",
        "readdirp": "~3.6.0"
      },
      "dependencies": {
        "glob-parent": {
          "version": "5.1.2",
          "requires": {
            "is-glob": "^4.0.1"
          }
        }
      }
    },
    "color-convert": {
      "version": "2.0.1",
      "dev": true,
      "requires": {
        "color-name": "~1.1.4"
      }
    },
    "color-name": {
      "version": "1.1.4",
      "dev": true
    },
    "combined-stream": {
      "version": "1.0.8",
      "requires": {
        "delayed-stream": "~1.0.0"
      }
    },
    "concat-map": {
      "version": "0.0.1",
      "dev": true
    },
    "cross-spawn": {
      "version": "7.0.3",
      "dev": true,
      "requires": {
        "path-key": "^3.1.0",
        "shebang-command": "^2.0.0",
        "which": "^2.0.1"
      }
    },
    "css-render": {
      "version": "0.15.12",
      "dev": true,
      "requires": {
        "@emotion/hash": "~0.8.0",
        "csstype": "~3.0.5"
      }
    },
    "cssesc": {
      "version": "3.0.0",
      "dev": true
    },
    "csstype": {
      "version": "3.0.11",
      "dev": true
    },
    "date-fns": {
      "version": "2.29.3",
      "dev": true
    },
    "date-fns-tz": {
      "version": "1.3.8",
      "dev": true,
      "requires": {}
    },
    "debug": {
      "version": "4.3.4",
      "dev": true,
      "requires": {
        "ms": "2.1.2"
      }
    },
    "deep-is": {
      "version": "0.1.4",
      "dev": true
    },
    "delayed-stream": {
      "version": "1.0.0"
    },
    "doctrine": {
      "version": "3.0.0",
      "dev": true,
      "requires": {
        "esutils": "^2.0.2"
      }
    },
    "esbuild": {
      "version": "0.16.17",
      "dev": true,
      "requires": {
        "@esbuild/android-arm": "0.16.17",
        "@esbuild/android-arm64": "0.16.17",
        "@esbuild/android-x64": "0.16.17",
        "@esbuild/darwin-arm64": "0.16.17",
        "@esbuild/darwin-x64": "0.16.17",
        "@esbuild/freebsd-arm64": "0.16.17",
        "@esbuild/freebsd-x64": "0.16.17",
        "@esbuild/linux-arm": "0.16.17",
        "@esbuild/linux-arm64": "0.16.17",
        "@esbuild/linux-ia32": "0.16.17",
        "@esbuild/linux-loong64": "0.16.17",
        "@esbuild/linux-mips64el": "0.16.17",
        "@esbuild/linux-ppc64": "0.16.17",
        "@esbuild/linux-riscv64": "0.16.17",
        "@esbuild/linux-s390x": "0.16.17",
        "@esbuild/linux-x64": "0.16.17",
        "@esbuild/netbsd-x64": "0.16.17",
        "@esbuild/openbsd-x64": "0.16.17",
        "@esbuild/sunos-x64": "0.16.17",
        "@esbuild/win32-arm64": "0.16.17",
        "@esbuild/win32-ia32": "0.16.17",
        "@esbuild/win32-x64": "0.16.17"
      },
      "dependencies": {
        "@esbuild/android-arm64": {
          "version": "0.16.17",
          "resolved": "https://registry.npmmirror.com/@esbuild/android-arm64/-/android-arm64-0.16.17.tgz",
          "integrity": "sha512-MIGl6p5sc3RDTLLkYL1MyL8BMRN4tLMRCn+yRJJmEDvYZ2M7tmAf80hx1kbNEUX2KJ50RRtxZ4JHLvCfuB6kBg==",
          "dev": true,
          "optional": true
        }
      }
    },
    "escape-string-regexp": {
      "version": "4.0.0",
      "dev": true
    },
    "eslint": {
      "version": "8.34.0",
      "dev": true,
      "requires": {
        "@eslint/eslintrc": "^1.4.1",
        "@humanwhocodes/config-array": "^0.11.8",
        "@humanwhocodes/module-importer": "^1.0.1",
        "@nodelib/fs.walk": "^1.2.8",
        "ajv": "^6.10.0",
        "chalk": "^4.0.0",
        "cross-spawn": "^7.0.2",
        "debug": "^4.3.2",
        "doctrine": "^3.0.0",
        "escape-string-regexp": "^4.0.0",
        "eslint-scope": "^7.1.1",
        "eslint-utils": "^3.0.0",
        "eslint-visitor-keys": "^3.3.0",
        "espree": "^9.4.0",
        "esquery": "^1.4.0",
        "esutils": "^2.0.2",
        "fast-deep-equal": "^3.1.3",
        "file-entry-cache": "^6.0.1",
        "find-up": "^5.0.0",
        "glob-parent": "^6.0.2",
        "globals": "^13.19.0",
        "grapheme-splitter": "^1.0.4",
        "ignore": "^5.2.0",
        "import-fresh": "^3.0.0",
        "imurmurhash": "^0.1.4",
        "is-glob": "^4.0.0",
        "is-path-inside": "^3.0.3",
        "js-sdsl": "^4.1.4",
        "js-yaml": "^4.1.0",
        "json-stable-stringify-without-jsonify": "^1.0.1",
        "levn": "^0.4.1",
        "lodash.merge": "^4.6.2",
        "minimatch": "^3.1.2",
        "natural-compare": "^1.4.0",
        "optionator": "^0.9.1",
        "regexpp": "^3.2.0",
        "strip-ansi": "^6.0.1",
        "strip-json-comments": "^3.1.0",
        "text-table": "^0.2.0"
      }
    },
    "eslint-plugin-vue": {
      "version": "9.9.0",
      "dev": true,
      "requires": {
        "eslint-utils": "^3.0.0",
        "natural-compare": "^1.4.0",
        "nth-check": "^2.0.1",
        "postcss-selector-parser": "^6.0.9",
        "semver": "^7.3.5",
        "vue-eslint-parser": "^9.0.1",
        "xml-name-validator": "^4.0.0"
      }
    },
    "eslint-scope": {
      "version": "7.1.1",
      "dev": true,
      "requires": {
        "esrecurse": "^4.3.0",
        "estraverse": "^5.2.0"
      }
    },
    "eslint-utils": {
      "version": "3.0.0",
      "dev": true,
      "requires": {
        "eslint-visitor-keys": "^2.0.0"
      },
      "dependencies": {
        "eslint-visitor-keys": {
          "version": "2.1.0",
          "dev": true
        }
      }
    },
    "eslint-visitor-keys": {
      "version": "3.3.0",
      "dev": true
    },
    "espree": {
      "version": "9.4.1",
      "dev": true,
      "requires": {
        "acorn": "^8.8.0",
        "acorn-jsx": "^5.3.2",
        "eslint-visitor-keys": "^3.3.0"
      }
    },
    "esquery": {
      "version": "1.4.2",
      "dev": true,
      "requires": {
        "estraverse": "^5.1.0"
      }
    },
    "esrecurse": {
      "version": "4.3.0",
      "dev": true,
      "requires": {
        "estraverse": "^5.2.0"
      }
    },
    "estraverse": {
      "version": "5.3.0",
      "dev": true
    },
    "estree-walker": {
      "version": "2.0.2"
    },
    "esutils": {
      "version": "2.0.3",
      "dev": true
    },
    "evtd": {
      "version": "0.2.4",
      "dev": true
    },
    "fast-deep-equal": {
      "version": "3.1.3",
      "dev": true
    },
    "fast-glob": {
      "version": "3.2.12",
      "requires": {
        "@nodelib/fs.stat": "^2.0.2",
        "@nodelib/fs.walk": "^1.2.3",
        "glob-parent": "^5.1.2",
        "merge2": "^1.3.0",
        "micromatch": "^4.0.4"
      },
      "dependencies": {
        "glob-parent": {
          "version": "5.1.2",
          "requires": {
            "is-glob": "^4.0.1"
          }
        }
      }
    },
    "fast-json-stable-stringify": {
      "version": "2.1.0",
      "dev": true
    },
    "fast-levenshtein": {
      "version": "2.0.6",
      "dev": true
    },
    "fastq": {
      "version": "1.15.0",
      "requires": {
        "reusify": "^1.0.4"
      }
    },
    "file-entry-cache": {
      "version": "6.0.1",
      "dev": true,
      "requires": {
        "flat-cache": "^3.0.4"
      }
    },
    "fill-range": {
      "version": "7.0.1",
      "requires": {
        "to-regex-range": "^5.0.1"
      }
    },
    "find-up": {
      "version": "5.0.0",
      "dev": true,
      "requires": {
        "locate-path": "^6.0.0",
        "path-exists": "^4.0.0"
      }
    },
    "flat-cache": {
      "version": "3.0.4",
      "dev": true,
      "requires": {
        "flatted": "^3.1.0",
        "rimraf": "^3.0.2"
      }
    },
    "flatted": {
      "version": "3.2.7",
      "dev": true
    },
    "follow-redirects": {
      "version": "1.15.2"
    },
    "form-data": {
      "version": "4.0.0",
      "requires": {
        "asynckit": "^0.4.0",
        "combined-stream": "^1.0.8",
        "mime-types": "^2.1.12"
      }
    },
    "fs.realpath": {
      "version": "1.0.0",
      "dev": true
    },
    "function-bind": {
      "version": "1.1.1",
      "dev": true
    },
    "glob": {
      "version": "7.2.3",
      "dev": true,
      "requires": {
        "fs.realpath": "^1.0.0",
        "inflight": "^1.0.4",
        "inherits": "2",
        "minimatch": "^3.1.1",
        "once": "^1.3.0",
        "path-is-absolute": "^1.0.0"
      }
    },
    "glob-parent": {
      "version": "6.0.2",
      "dev": true,
      "requires": {
        "is-glob": "^4.0.3"
      }
    },
    "globals": {
      "version": "13.20.0",
      "dev": true,
      "requires": {
        "type-fest": "^0.20.2"
      }
    },
    "grapheme-splitter": {
      "version": "1.0.4",
      "dev": true
    },
    "has": {
      "version": "1.0.3",
      "dev": true,
      "requires": {
        "function-bind": "^1.1.1"
      }
    },
    "has-flag": {
      "version": "4.0.0",
      "dev": true
    },
    "highlight.js": {
      "version": "11.7.0",
      "dev": true
    },
    "ignore": {
      "version": "5.2.4",
      "dev": true
    },
    "import-fresh": {
      "version": "3.3.0",
      "dev": true,
      "requires": {
        "parent-module": "^1.0.0",
        "resolve-from": "^4.0.0"
      }
    },
    "imurmurhash": {
      "version": "0.1.4",
      "dev": true
    },
    "inflight": {
      "version": "1.0.6",
      "dev": true,
      "requires": {
        "once": "^1.3.0",
        "wrappy": "1"
      }
    },
    "inherits": {
      "version": "2.0.4",
      "dev": true
    },
    "is-binary-path": {
      "version": "2.1.0",
      "requires": {
        "binary-extensions": "^2.0.0"
      }
    },
    "is-core-module": {
      "version": "2.11.0",
      "dev": true,
      "requires": {
        "has": "^1.0.3"
      }
    },
    "is-extglob": {
      "version": "2.1.1"
    },
    "is-glob": {
      "version": "4.0.3",
      "requires": {
        "is-extglob": "^2.1.1"
      }
    },
    "is-number": {
      "version": "7.0.0"
    },
    "is-path-inside": {
      "version": "3.0.3",
      "dev": true
    },
    "isexe": {
      "version": "2.0.0",
      "dev": true
    },
    "js-sdsl": {
      "version": "4.3.0",
      "dev": true
    },
    "js-yaml": {
      "version": "4.1.0",
      "dev": true,
      "requires": {
        "argparse": "^2.0.1"
      }
    },
    "json-schema-traverse": {
      "version": "0.4.1",
      "dev": true
    },
    "json-stable-stringify-without-jsonify": {
      "version": "1.0.1",
      "dev": true
    },
    "jsonc-parser": {
      "version": "3.2.0"
    },
    "levn": {
      "version": "0.4.1",
      "dev": true,
      "requires": {
        "prelude-ls": "^1.2.1",
        "type-check": "~0.4.0"
      }
    },
    "local-pkg": {
      "version": "0.4.3"
    },
    "locate-path": {
      "version": "6.0.0",
      "dev": true,
      "requires": {
        "p-locate": "^5.0.0"
      }
    },
    "lodash": {
      "version": "4.17.21",
      "dev": true
    },
    "lodash-es": {
      "version": "4.17.21",
      "dev": true
    },
    "lodash.merge": {
      "version": "4.6.2",
      "dev": true
    },
    "lru-cache": {
      "version": "6.0.0",
      "dev": true,
      "requires": {
        "yallist": "^4.0.0"
      }
    },
    "magic-string": {
      "version": "0.27.0",
      "requires": {
        "@jridgewell/sourcemap-codec": "^1.4.13"
      }
    },
    "merge2": {
      "version": "1.4.1"
    },
    "micromatch": {
      "version": "4.0.5",
      "requires": {
        "braces": "^3.0.2",
        "picomatch": "^2.3.1"
      }
    },
    "mime-db": {
      "version": "1.52.0"
    },
    "mime-types": {
      "version": "2.1.35",
      "requires": {
        "mime-db": "1.52.0"
      }
    },
    "minimatch": {
      "version": "3.1.2",
      "dev": true,
      "requires": {
        "brace-expansion": "^1.1.7"
      }
    },
    "mlly": {
      "version": "1.1.1",
      "requires": {
        "acorn": "^8.8.2",
        "pathe": "^1.1.0",
        "pkg-types": "^1.0.1",
        "ufo": "^1.1.0"
      }
    },
    "ms": {
      "version": "2.1.2",
      "dev": true
    },
    "naive-ui": {
      "version": "2.34.3",
      "dev": true,
      "requires": {
        "@css-render/plugin-bem": "^0.15.10",
        "@css-render/vue3-ssr": "^0.15.10",
        "@types/katex": "^0.14.0",
        "@types/lodash": "^4.14.181",
        "@types/lodash-es": "^4.17.6",
        "async-validator": "^4.0.7",
        "css-render": "^0.15.10",
        "date-fns": "^2.28.0",
        "date-fns-tz": "^1.3.3",
        "evtd": "^0.2.4",
        "highlight.js": "^11.5.0",
        "lodash": "^4.17.21",
        "lodash-es": "^4.17.21",
        "seemly": "^0.3.6",
        "treemate": "^0.3.11",
        "vdirs": "^0.1.8",
        "vooks": "^0.2.12",
        "vueuc": "^0.4.47"
      }
    },
    "nanoid": {
      "version": "3.3.4"
    },
    "natural-compare": {
      "version": "1.4.0",
      "dev": true
    },
    "normalize-path": {
      "version": "3.0.0"
    },
    "nth-check": {
      "version": "2.1.1",
      "dev": true,
      "requires": {
        "boolbase": "^1.0.0"
      }
    },
    "once": {
      "version": "1.4.0",
      "dev": true,
      "requires": {
        "wrappy": "1"
      }
    },
    "optionator": {
      "version": "0.9.1",
      "dev": true,
      "requires": {
        "deep-is": "^0.1.3",
        "fast-levenshtein": "^2.0.6",
        "levn": "^0.4.1",
        "prelude-ls": "^1.2.1",
        "type-check": "^0.4.0",
        "word-wrap": "^1.2.3"
      }
    },
    "p-limit": {
      "version": "3.1.0",
      "dev": true,
      "requires": {
        "yocto-queue": "^0.1.0"
      }
    },
    "p-locate": {
      "version": "5.0.0",
      "dev": true,
      "requires": {
        "p-limit": "^3.0.2"
      }
    },
    "parent-module": {
      "version": "1.0.1",
      "dev": true,
      "requires": {
        "callsites": "^3.0.0"
      }
    },
    "path-exists": {
      "version": "4.0.0",
      "dev": true
    },
    "path-is-absolute": {
      "version": "1.0.1",
      "dev": true
    },
    "path-key": {
      "version": "3.1.1",
      "dev": true
    },
    "path-parse": {
      "version": "1.0.7",
      "dev": true
    },
    "pathe": {
      "version": "1.1.0"
    },
    "picocolors": {
      "version": "1.0.0"
    },
    "picomatch": {
      "version": "2.3.1"
    },
    "pkg-types": {
      "version": "1.0.2",
      "requires": {
        "jsonc-parser": "^3.2.0",
        "mlly": "^1.1.1",
        "pathe": "^1.1.0"
      }
    },
    "postcss": {
      "version": "8.4.21",
      "requires": {
        "nanoid": "^3.3.4",
        "picocolors": "^1.0.0",
        "source-map-js": "^1.0.2"
      }
    },
    "postcss-selector-parser": {
      "version": "6.0.11",
      "dev": true,
      "requires": {
        "cssesc": "^3.0.0",
        "util-deprecate": "^1.0.2"
      }
    },
    "prelude-ls": {
      "version": "1.2.1",
      "dev": true
    },
    "proxy-from-env": {
      "version": "1.1.0"
    },
    "punycode": {
      "version": "2.3.0",
      "dev": true
    },
    "queue-microtask": {
      "version": "1.2.3"
    },
    "readdirp": {
      "version": "3.6.0",
      "requires": {
        "picomatch": "^2.2.1"
      }
    },
    "regexpp": {
      "version": "3.2.0",
      "dev": true
    },
    "resolve": {
      "version": "1.22.1",
      "dev": true,
      "requires": {
        "is-core-module": "^2.9.0",
        "path-parse": "^1.0.7",
        "supports-preserve-symlinks-flag": "^1.0.0"
      }
    },
    "resolve-from": {
      "version": "4.0.0",
      "dev": true
    },
    "reusify": {
      "version": "1.0.4"
    },
    "rimraf": {
      "version": "3.0.2",
      "dev": true,
      "requires": {
        "glob": "^7.1.3"
      }
    },
    "rollup": {
      "version": "3.17.0",
      "devOptional": true,
      "requires": {
        "fsevents": "~2.3.2"
      }
    },
    "run-parallel": {
      "version": "1.2.0",
      "requires": {
        "queue-microtask": "^1.2.2"
      }
    },
    "scule": {
      "version": "1.0.0"
    },
    "seemly": {
      "version": "0.3.6",
      "dev": true
    },
    "semver": {
      "version": "7.3.8",
      "dev": true,
      "requires": {
        "lru-cache": "^6.0.0"
      }
    },
    "shebang-command": {
      "version": "2.0.0",
      "dev": true,
      "requires": {
        "shebang-regex": "^3.0.0"
      }
    },
    "shebang-regex": {
      "version": "3.0.0",
      "dev": true
    },
    "source-map": {
      "version": "0.6.1"
    },
    "source-map-js": {
      "version": "1.0.2"
    },
    "sourcemap-codec": {
      "version": "1.4.8"
    },
    "strip-ansi": {
      "version": "6.0.1",
      "dev": true,
      "requires": {
        "ansi-regex": "^5.0.1"
      }
    },
    "strip-json-comments": {
      "version": "3.1.1",
      "dev": true
    },
    "strip-literal": {
      "version": "1.0.1",
      "requires": {
        "acorn": "^8.8.2"
      }
    },
    "supports-color": {
      "version": "7.2.0",
      "dev": true,
      "requires": {
        "has-flag": "^4.0.0"
      }
    },
    "supports-preserve-symlinks-flag": {
      "version": "1.0.0",
      "dev": true
    },
    "text-table": {
      "version": "0.2.0",
      "dev": true
    },
    "to-regex-range": {
      "version": "5.0.1",
      "requires": {
        "is-number": "^7.0.0"
      }
    },
    "treemate": {
      "version": "0.3.11",
      "dev": true
    },
    "type-check": {
      "version": "0.4.0",
      "dev": true,
      "requires": {
        "prelude-ls": "^1.2.1"
      }
    },
    "type-fest": {
      "version": "0.20.2",
      "dev": true
    },
    "ufo": {
      "version": "1.1.0"
    },
    "unimport": {
      "version": "2.2.4",
      "requires": {
        "@rollup/pluginutils": "^5.0.2",
        "escape-string-regexp": "^5.0.0",
        "fast-glob": "^3.2.12",
        "local-pkg": "^0.4.3",
        "magic-string": "^0.27.0",
        "mlly": "^1.1.0",
        "pathe": "^1.1.0",
        "pkg-types": "^1.0.1",
        "scule": "^1.0.0",
        "strip-literal": "^1.0.0",
        "unplugin": "^1.0.1"
      },
      "dependencies": {
        "escape-string-regexp": {
          "version": "5.0.0"
        }
      }
    },
    "unplugin": {
      "version": "1.1.0",
      "requires": {
        "acorn": "^8.8.2",
        "chokidar": "^3.5.3",
        "webpack-sources": "^3.2.3",
        "webpack-virtual-modules": "^0.5.0"
      }
    },
    "unplugin-auto-import": {
      "version": "0.12.2",
      "requires": {
        "@antfu/utils": "^0.7.2",
        "@rollup/pluginutils": "^5.0.2",
        "local-pkg": "^0.4.3",
        "magic-string": "^0.27.0",
        "unimport": "^2.0.1",
        "unplugin": "^1.0.1"
      }
    },
    "unplugin-vue-components": {
      "version": "0.22.12",
      "dev": true,
      "requires": {
        "@antfu/utils": "^0.7.2",
        "@rollup/pluginutils": "^5.0.2",
        "chokidar": "^3.5.3",
        "debug": "^4.3.4",
        "fast-glob": "^3.2.12",
        "local-pkg": "^0.4.2",
        "magic-string": "^0.27.0",
        "minimatch": "^5.1.1",
        "resolve": "^1.22.1",
        "unplugin": "^1.0.1"
      },
      "dependencies": {
        "brace-expansion": {
          "version": "2.0.1",
          "dev": true,
          "requires": {
            "balanced-match": "^1.0.0"
          }
        },
        "minimatch": {
          "version": "5.1.6",
          "dev": true,
          "requires": {
            "brace-expansion": "^2.0.1"
          }
        }
      }
    },
    "uri-js": {
      "version": "4.4.1",
      "dev": true,
      "requires": {
        "punycode": "^2.1.0"
      }
    },
    "util-deprecate": {
      "version": "1.0.2",
      "dev": true
    },
    "vdirs": {
      "version": "0.1.8",
      "dev": true,
      "requires": {
        "evtd": "^0.2.2"
      }
    },
    "vfonts": {
      "version": "0.0.3",
      "dev": true
    },
    "vite": {
      "version": "4.1.2",
      "dev": true,
      "requires": {
        "esbuild": "^0.16.14",
        "fsevents": "~2.3.2",
        "postcss": "^8.4.21",
        "resolve": "^1.22.1",
        "rollup": "^3.10.0"
      }
    },
    "vooks": {
      "version": "0.2.12",
      "dev": true,
      "requires": {
        "evtd": "^0.2.2"
      }
    },
    "vue": {
      "version": "3.2.47",
      "requires": {
        "@vue/compiler-dom": "3.2.47",
        "@vue/compiler-sfc": "3.2.47",
        "@vue/runtime-dom": "3.2.47",
        "@vue/server-renderer": "3.2.47",
        "@vue/shared": "3.2.47"
      }
    },
    "vue-eslint-parser": {
      "version": "9.1.0",
      "dev": true,
      "requires": {
        "debug": "^4.3.4",
        "eslint-scope": "^7.1.1",
        "eslint-visitor-keys": "^3.3.0",
        "espree": "^9.3.1",
        "esquery": "^1.4.0",
        "lodash": "^4.17.21",
        "semver": "^7.3.6"
      }
    },
    "vue-router": {
      "version": "4.1.6",
      "requires": {
        "@vue/devtools-api": "^6.4.5"
      }
    },
    "vueuc": {
      "version": "0.4.51",
      "dev": true,
      "requires": {
        "@css-render/vue3-ssr": "^0.15.10",
        "@juggle/resize-observer": "^3.3.1",
        "css-render": "^0.15.10",
        "evtd": "^0.2.4",
        "seemly": "^0.3.6",
        "vdirs": "^0.1.4",
        "vooks": "^0.2.4"
      }
    },
    "webpack-sources": {
      "version": "3.2.3"
    },
    "webpack-virtual-modules": {
      "version": "0.5.0"
    },
    "which": {
      "version": "2.0.2",
      "dev": true,
      "requires": {
        "isexe": "^2.0.0"
      }
    },
    "word-wrap": {
      "version": "1.2.3",
      "dev": true
    },
    "wrappy": {
      "version": "1.0.2",
      "dev": true
    },
    "xml-name-validator": {
      "version": "4.0.0",
      "dev": true
    },
    "yallist": {
      "version": "4.0.0",
      "dev": true
    },
    "yocto-queue": {
      "version": "0.1.0",
      "dev": true
    }
  }
}
